
Microsoft Visual Studio Solution File, Format Version 11.00
# Visual Studio 2010
Project("{8BC9CEB8-8B4A-11D0-8D11-00A0C91BC942}") = "cciapi", "cciapi\cciapi.vcxproj", "{E81F1EBF-3E32-45B2-8407-1B8A231D3B1D}"
EndProject
Project("{8BC9CEB8-8B4A-11D0-8D11-00A0C91BC942}") = "ex01_Simple_Int_Param", "examples\ex01_Simple_Int_Param.vcxproj", "{44CEA44A-B08F-49ED-9ED5-B64D16E97EF1}"
	ProjectSection(ProjectDependencies) = postProject
		{E81F1EBF-3E32-45B2-8407-1B8A231D3B1D} = {E81F1EBF-3E32-45B2-8407-1B8A231D3B1D}
	EndProjectSection
EndProject
Project("{8BC9CEB8-8B4A-11D0-8D11-00A0C91BC942}") = "ex02_Fully_Supported_Data_Type_Param", "examples\ex02_Fully_Supported_Data_Type_Param.vcxproj", "{BAF4ABE8-CA1E-45BC-A989-810E00DB45F9}"
	ProjectSection(ProjectDependencies) = postProject
		{E81F1EBF-3E32-45B2-8407-1B8A231D3B1D} = {E81F1EBF-3E32-45B2-8407-1B8A231D3B1D}
	EndProjectSection
EndProject
Project("{8BC9CEB8-8B4A-11D0-8D11-00A0C91BC942}") = "ex03_Elab_Time_Param", "examples\ex03_Elab_Time_Param.vcxproj", "{F7994D1A-C110-49CE-8389-8A634676F5BA}"
	ProjectSection(ProjectDependencies) = postProject
		{E81F1EBF-3E32-45B2-8407-1B8A231D3B1D} = {E81F1EBF-3E32-45B2-8407-1B8A231D3B1D}
	EndProjectSection
EndProject
Project("{8BC9CEB8-8B4A-11D0-8D11-00A0C91BC942}") = "ex04_Simple_Immutable_Param", "examples\ex04_Simple_Immutable_Param.vcxproj", "{1E20DBA7-0DFB-4C4A-A6AB-0B0E5E99BC68}"
	ProjectSection(ProjectDependencies) = postProject
		{E81F1EBF-3E32-45B2-8407-1B8A231D3B1D} = {E81F1EBF-3E32-45B2-8407-1B8A231D3B1D}
	EndProjectSection
EndProject
Project("{8BC9CEB8-8B4A-11D0-8D11-00A0C91BC942}") = "ex05_Default_and_Preset_Value", "examples\ex05_Default_and_Preset_Value.vcxproj", "{0A24C282-E269-4FC3-8F5D-1B7A719BF7C9}"
	ProjectSection(ProjectDependencies) = postProject
		{E81F1EBF-3E32-45B2-8407-1B8A231D3B1D} = {E81F1EBF-3E32-45B2-8407-1B8A231D3B1D}
	EndProjectSection
EndProject
Project("{8BC9CEB8-8B4A-11D0-8D11-00A0C91BC942}") = "ex06_Parameter_Naming", "examples\ex06_Parameter_Naming.vcxproj", "{B41659F1-B9CF-4BEF-AAF8-E23902C49B18}"
	ProjectSection(ProjectDependencies) = postProject
		{E81F1EBF-3E32-45B2-8407-1B8A231D3B1D} = {E81F1EBF-3E32-45B2-8407-1B8A231D3B1D}
	EndProjectSection
EndProject
Project("{8BC9CEB8-8B4A-11D0-8D11-00A0C91BC942}") = "ex07_Parameter_Information", "examples\ex07_Parameter_Information.vcxproj", "{0F334AC4-0951-427B-9486-ECBCF6207766}"
	ProjectSection(ProjectDependencies) = postProject
		{E81F1EBF-3E32-45B2-8407-1B8A231D3B1D} = {E81F1EBF-3E32-45B2-8407-1B8A231D3B1D}
	EndProjectSection
EndProject
Project("{8BC9CEB8-8B4A-11D0-8D11-00A0C91BC942}") = "ex08_Parameter_Value_Change_Callbacks", "examples\ex08_Parameter_Value_Change_Callbacks.vcxproj", "{37195AE3-2B59-4763-B24E-B1AF647E38B8}"
	ProjectSection(ProjectDependencies) = postProject
		{E81F1EBF-3E32-45B2-8407-1B8A231D3B1D} = {E81F1EBF-3E32-45B2-8407-1B8A231D3B1D}
	EndProjectSection
EndProject
Project("{8BC9CEB8-8B4A-11D0-8D11-00A0C91BC942}") = "ex09_Hierarchical_Override_of_Parameter_Values", "examples\ex09_Hierarchical_Override_of_Parameter_Values.vcxproj", "{548853DF-D9BE-45AB-BD51-9323B81DF751}"
	ProjectSection(ProjectDependencies) = postProject
		{E81F1EBF-3E32-45B2-8407-1B8A231D3B1D} = {E81F1EBF-3E32-45B2-8407-1B8A231D3B1D}
	EndProjectSection
EndProject
Project("{8BC9CEB8-8B4A-11D0-8D11-00A0C91BC942}") = "ex10_Shared_Parameters", "examples\ex10_Shared_Parameters.vcxproj", "{32807D2D-2E7C-44F6-A00B-1CBCA3BFD755}"
	ProjectSection(ProjectDependencies) = postProject
		{E81F1EBF-3E32-45B2-8407-1B8A231D3B1D} = {E81F1EBF-3E32-45B2-8407-1B8A231D3B1D}
	EndProjectSection
EndProject
Project("{8BC9CEB8-8B4A-11D0-8D11-00A0C91BC942}") = "ex11_Searching_and_Directly_Associating_Parameters", "examples\ex11_Searching_and_Directly_Associating_Parameters.vcxproj", "{EDF63FE9-F648-4AD2-B884-6C28DC2F10BC}"
	ProjectSection(ProjectDependencies) = postProject
		{E81F1EBF-3E32-45B2-8407-1B8A231D3B1D} = {E81F1EBF-3E32-45B2-8407-1B8A231D3B1D}
	EndProjectSection
EndProject
Project("{8BC9CEB8-8B4A-11D0-8D11-00A0C91BC942}") = "ex12_Indirectly_Associating_Parameters", "examples\ex12_Indirectly_Associating_Parameters.vcxproj", "{A66F83B8-DC08-4E76-9E80-BADA0FD407B3}"
	ProjectSection(ProjectDependencies) = postProject
		{E81F1EBF-3E32-45B2-8407-1B8A231D3B1D} = {E81F1EBF-3E32-45B2-8407-1B8A231D3B1D}
	EndProjectSection
EndProject
Project("{8BC9CEB8-8B4A-11D0-8D11-00A0C91BC942}") = "ex13_Parameter_Value_Locking", "examples\ex13_Parameter_Value_Locking.vcxproj", "{A55AACA0-0EAB-4BDB-9CD9-1CA1045D78D4}"
	ProjectSection(ProjectDependencies) = postProject
		{E81F1EBF-3E32-45B2-8407-1B8A231D3B1D} = {E81F1EBF-3E32-45B2-8407-1B8A231D3B1D}
	EndProjectSection
EndProject
Project("{8BC9CEB8-8B4A-11D0-8D11-00A0C91BC942}") = "ex14_Hiding_Parameters", "examples\ex14_Hiding_Parameters.vcxproj", "{DB100E72-53AF-4C5B-9F7F-9EC65446E9DE}"
	ProjectSection(ProjectDependencies) = postProject
		{E81F1EBF-3E32-45B2-8407-1B8A231D3B1D} = {E81F1EBF-3E32-45B2-8407-1B8A231D3B1D}
	EndProjectSection
EndProject
Project("{8BC9CEB8-8B4A-11D0-8D11-00A0C91BC942}") = "ex15_Inter_Parameter_Value_Constraints", "examples\ex15_Inter_Parameter_Value_Constraints.vcxproj", "{57745E16-24EE-4286-852F-811E5CB78485}"
	ProjectSection(ProjectDependencies) = postProject
		{E81F1EBF-3E32-45B2-8407-1B8A231D3B1D} = {E81F1EBF-3E32-45B2-8407-1B8A231D3B1D}
	EndProjectSection
EndProject
Project("{8BC9CEB8-8B4A-11D0-8D11-00A0C91BC942}") = "ex16_User_Defined_Data_Type", "examples\ex16_User_Defined_Data_Type.vcxproj", "{E52BD3D1-F8C3-4E7F-9034-B61D86647174}"
	ProjectSection(ProjectDependencies) = postProject
		{E81F1EBF-3E32-45B2-8407-1B8A231D3B1D} = {E81F1EBF-3E32-45B2-8407-1B8A231D3B1D}
	EndProjectSection
EndProject
Project("{8BC9CEB8-8B4A-11D0-8D11-00A0C91BC942}") = "ex17_Specifying_Parameter_Values_via_a_Configuration_File", "examples\ex17_Specifying_Parameter_Values_via_a_Configuration_File.vcxproj", "{55DB5AA3-4FA7-4B0F-A4AF-C277EE0D3887}"
	ProjectSection(ProjectDependencies) = postProject
		{E81F1EBF-3E32-45B2-8407-1B8A231D3B1D} = {E81F1EBF-3E32-45B2-8407-1B8A231D3B1D}
	EndProjectSection
EndProject
Project("{8BC9CEB8-8B4A-11D0-8D11-00A0C91BC942}") = "ex18_Superset_Parameter_Value_Specification", "examples\ex18_Superset_Parameter_Value_Specification.vcxproj", "{87899696-BECF-4FA1-A0A9-D2BE24D92A12}"
	ProjectSection(ProjectDependencies) = postProject
		{E81F1EBF-3E32-45B2-8407-1B8A231D3B1D} = {E81F1EBF-3E32-45B2-8407-1B8A231D3B1D}
	EndProjectSection
EndProject
Project("{8BC9CEB8-8B4A-11D0-8D11-00A0C91BC942}") = "ex20_Tracing_Parameter_Activity", "examples\ex20_Tracing_Parameter_Activity.vcxproj", "{839FF558-F1DF-4156-948C-23EF6C58A5EF}"
	ProjectSection(ProjectDependencies) = postProject
		{E81F1EBF-3E32-45B2-8407-1B8A231D3B1D} = {E81F1EBF-3E32-45B2-8407-1B8A231D3B1D}
	EndProjectSection
EndProject
Project("{8BC9CEB8-8B4A-11D0-8D11-00A0C91BC942}") = "ex21_Param_Destruction_Resurrection", "examples\ex21_Param_Destruction_Resurrection.vcxproj", "{42FB62CC-029F-4379-9245-DD8C1C76AA19}"
	ProjectSection(ProjectDependencies) = postProject
		{E81F1EBF-3E32-45B2-8407-1B8A231D3B1D} = {E81F1EBF-3E32-45B2-8407-1B8A231D3B1D}
	EndProjectSection
EndProject
Project("{8BC9CEB8-8B4A-11D0-8D11-00A0C91BC942}") = "ex22_Search_Predicate", "examples\ex22_Search_Predicate.vcxproj", "{7F084374-75B9-49E2-B179-E4F08AB177E1}"
	ProjectSection(ProjectDependencies) = postProject
		{E81F1EBF-3E32-45B2-8407-1B8A231D3B1D} = {E81F1EBF-3E32-45B2-8407-1B8A231D3B1D}
	EndProjectSection
EndProject
Project("{8BC9CEB8-8B4A-11D0-8D11-00A0C91BC942}") = "ex23_Hierarchical_Value_Update", "examples\ex23_Hierarchical_Value_Update.vcxproj", "{342DD1EE-4A0A-47B7-A8FA-721B7C82CCC0}"
	ProjectSection(ProjectDependencies) = postProject
		{E81F1EBF-3E32-45B2-8407-1B8A231D3B1D} = {E81F1EBF-3E32-45B2-8407-1B8A231D3B1D}
	EndProjectSection
EndProject
Global
	GlobalSection(SolutionConfigurationPlatforms) = preSolution
		Debug|Win32 = Debug|Win32
		Debug|x64 = Debug|x64
		Release|Win32 = Release|Win32
		Release|x64 = Release|x64
	EndGlobalSection
	GlobalSection(ProjectConfigurationPlatforms) = postSolution
		{E81F1EBF-3E32-45B2-8407-1B8A231D3B1D}.Debug|Win32.ActiveCfg = Debug|Win32
		{E81F1EBF-3E32-45B2-8407-1B8A231D3B1D}.Debug|Win32.Build.0 = Debug|Win32
		{E81F1EBF-3E32-45B2-8407-1B8A231D3B1D}.Debug|x64.ActiveCfg = Debug|x64
		{E81F1EBF-3E32-45B2-8407-1B8A231D3B1D}.Debug|x64.Build.0 = Debug|x64
		{E81F1EBF-3E32-45B2-8407-1B8A231D3B1D}.Release|Win32.ActiveCfg = Release|Win32
		{E81F1EBF-3E32-45B2-8407-1B8A231D3B1D}.Release|Win32.Build.0 = Release|Win32
		{E81F1EBF-3E32-45B2-8407-1B8A231D3B1D}.Release|x64.ActiveCfg = Release|x64
		{E81F1EBF-3E32-45B2-8407-1B8A231D3B1D}.Release|x64.Build.0 = Release|x64
		{44CEA44A-B08F-49ED-9ED5-B64D16E97EF1}.Debug|Win32.ActiveCfg = Debug|Win32
		{44CEA44A-B08F-49ED-9ED5-B64D16E97EF1}.Debug|Win32.Build.0 = Debug|Win32
		{44CEA44A-B08F-49ED-9ED5-B64D16E97EF1}.Debug|x64.ActiveCfg = Debug|x64
		{44CEA44A-B08F-49ED-9ED5-B64D16E97EF1}.Debug|x64.Build.0 = Debug|x64
		{44CEA44A-B08F-49ED-9ED5-B64D16E97EF1}.Release|Win32.ActiveCfg = Release|Win32
		{44CEA44A-B08F-49ED-9ED5-B64D16E97EF1}.Release|Win32.Build.0 = Release|Win32
		{44CEA44A-B08F-49ED-9ED5-B64D16E97EF1}.Release|x64.ActiveCfg = Release|x64
		{44CEA44A-B08F-49ED-9ED5-B64D16E97EF1}.Release|x64.Build.0 = Release|x64
		{BAF4ABE8-CA1E-45BC-A989-810E00DB45F9}.Debug|Win32.ActiveCfg = Debug|Win32
		{BAF4ABE8-CA1E-45BC-A989-810E00DB45F9}.Debug|Win32.Build.0 = Debug|Win32
		{BAF4ABE8-CA1E-45BC-A989-810E00DB45F9}.Debug|x64.ActiveCfg = Debug|x64
		{BAF4ABE8-CA1E-45BC-A989-810E00DB45F9}.Debug|x64.Build.0 = Debug|x64
		{BAF4ABE8-CA1E-45BC-A989-810E00DB45F9}.Release|Win32.ActiveCfg = Release|Win32
		{BAF4ABE8-CA1E-45BC-A989-810E00DB45F9}.Release|Win32.Build.0 = Release|Win32
		{BAF4ABE8-CA1E-45BC-A989-810E00DB45F9}.Release|x64.ActiveCfg = Release|x64
		{BAF4ABE8-CA1E-45BC-A989-810E00DB45F9}.Release|x64.Build.0 = Release|x64
		{F7994D1A-C110-49CE-8389-8A634676F5BA}.Debug|Win32.ActiveCfg = Debug|Win32
		{F7994D1A-C110-49CE-8389-8A634676F5BA}.Debug|Win32.Build.0 = Debug|Win32
		{F7994D1A-C110-49CE-8389-8A634676F5BA}.Debug|x64.ActiveCfg = Debug|x64
		{F7994D1A-C110-49CE-8389-8A634676F5BA}.Debug|x64.Build.0 = Debug|x64
		{F7994D1A-C110-49CE-8389-8A634676F5BA}.Release|Win32.ActiveCfg = Release|Win32
		{F7994D1A-C110-49CE-8389-8A634676F5BA}.Release|Win32.Build.0 = Release|Win32
		{F7994D1A-C110-49CE-8389-8A634676F5BA}.Release|x64.ActiveCfg = Release|x64
		{F7994D1A-C110-49CE-8389-8A634676F5BA}.Release|x64.Build.0 = Release|x64
		{1E20DBA7-0DFB-4C4A-A6AB-0B0E5E99BC68}.Debug|Win32.ActiveCfg = Debug|Win32
		{1E20DBA7-0DFB-4C4A-A6AB-0B0E5E99BC68}.Debug|Win32.Build.0 = Debug|Win32
		{1E20DBA7-0DFB-4C4A-A6AB-0B0E5E99BC68}.Debug|x64.ActiveCfg = Debug|x64
		{1E20DBA7-0DFB-4C4A-A6AB-0B0E5E99BC68}.Debug|x64.Build.0 = Debug|x64
		{1E20DBA7-0DFB-4C4A-A6AB-0B0E5E99BC68}.Release|Win32.ActiveCfg = Release|Win32
		{1E20DBA7-0DFB-4C4A-A6AB-0B0E5E99BC68}.Release|Win32.Build.0 = Release|Win32
		{1E20DBA7-0DFB-4C4A-A6AB-0B0E5E99BC68}.Release|x64.ActiveCfg = Release|x64
		{1E20DBA7-0DFB-4C4A-A6AB-0B0E5E99BC68}.Release|x64.Build.0 = Release|x64
		{0A24C282-E269-4FC3-8F5D-1B7A719BF7C9}.Debug|Win32.ActiveCfg = Debug|Win32
		{0A24C282-E269-4FC3-8F5D-1B7A719BF7C9}.Debug|Win32.Build.0 = Debug|Win32
		{0A24C282-E269-4FC3-8F5D-1B7A719BF7C9}.Debug|x64.ActiveCfg = Debug|x64
		{0A24C282-E269-4FC3-8F5D-1B7A719BF7C9}.Debug|x64.Build.0 = Debug|x64
		{0A24C282-E269-4FC3-8F5D-1B7A719BF7C9}.Release|Win32.ActiveCfg = Release|Win32
		{0A24C282-E269-4FC3-8F5D-1B7A719BF7C9}.Release|Win32.Build.0 = Release|Win32
		{0A24C282-E269-4FC3-8F5D-1B7A719BF7C9}.Release|x64.ActiveCfg = Release|x64
		{0A24C282-E269-4FC3-8F5D-1B7A719BF7C9}.Release|x64.Build.0 = Release|x64
		{B41659F1-B9CF-4BEF-AAF8-E23902C49B18}.Debug|Win32.ActiveCfg = Debug|Win32
		{B41659F1-B9CF-4BEF-AAF8-E23902C49B18}.Debug|Win32.Build.0 = Debug|Win32
		{B41659F1-B9CF-4BEF-AAF8-E23902C49B18}.Debug|x64.ActiveCfg = Debug|x64
		{B41659F1-B9CF-4BEF-AAF8-E23902C49B18}.Debug|x64.Build.0 = Debug|x64
		{B41659F1-B9CF-4BEF-AAF8-E23902C49B18}.Release|Win32.ActiveCfg = Release|Win32
		{B41659F1-B9CF-4BEF-AAF8-E23902C49B18}.Release|Win32.Build.0 = Release|Win32
		{B41659F1-B9CF-4BEF-AAF8-E23902C49B18}.Release|x64.ActiveCfg = Release|x64
		{B41659F1-B9CF-4BEF-AAF8-E23902C49B18}.Release|x64.Build.0 = Release|x64
		{0F334AC4-0951-427B-9486-ECBCF6207766}.Debug|Win32.ActiveCfg = Debug|Win32
		{0F334AC4-0951-427B-9486-ECBCF6207766}.Debug|Win32.Build.0 = Debug|Win32
		{0F334AC4-0951-427B-9486-ECBCF6207766}.Debug|x64.ActiveCfg = Debug|x64
		{0F334AC4-0951-427B-9486-ECBCF6207766}.Debug|x64.Build.0 = Debug|x64
		{0F334AC4-0951-427B-9486-ECBCF6207766}.Release|Win32.ActiveCfg = Release|Win32
		{0F334AC4-0951-427B-9486-ECBCF6207766}.Release|Win32.Build.0 = Release|Win32
		{0F334AC4-0951-427B-9486-ECBCF6207766}.Release|x64.ActiveCfg = Release|x64
		{0F334AC4-0951-427B-9486-ECBCF6207766}.Release|x64.Build.0 = Release|x64
		{37195AE3-2B59-4763-B24E-B1AF647E38B8}.Debug|Win32.ActiveCfg = Debug|Win32
		{37195AE3-2B59-4763-B24E-B1AF647E38B8}.Debug|Win32.Build.0 = Debug|Win32
		{37195AE3-2B59-4763-B24E-B1AF647E38B8}.Debug|x64.ActiveCfg = Debug|x64
		{37195AE3-2B59-4763-B24E-B1AF647E38B8}.Debug|x64.Build.0 = Debug|x64
		{37195AE3-2B59-4763-B24E-B1AF647E38B8}.Release|Win32.ActiveCfg = Release|Win32
		{37195AE3-2B59-4763-B24E-B1AF647E38B8}.Release|Win32.Build.0 = Release|Win32
		{37195AE3-2B59-4763-B24E-B1AF647E38B8}.Release|x64.ActiveCfg = Release|x64
		{37195AE3-2B59-4763-B24E-B1AF647E38B8}.Release|x64.Build.0 = Release|x64
		{548853DF-D9BE-45AB-BD51-9323B81DF751}.Debug|Win32.ActiveCfg = Debug|Win32
		{548853DF-D9BE-45AB-BD51-9323B81DF751}.Debug|Win32.Build.0 = Debug|Win32
		{548853DF-D9BE-45AB-BD51-9323B81DF751}.Debug|x64.ActiveCfg = Debug|x64
		{548853DF-D9BE-45AB-BD51-9323B81DF751}.Debug|x64.Build.0 = Debug|x64
		{548853DF-D9BE-45AB-BD51-9323B81DF751}.Release|Win32.ActiveCfg = Release|Win32
		{548853DF-D9BE-45AB-BD51-9323B81DF751}.Release|Win32.Build.0 = Release|Win32
		{548853DF-D9BE-45AB-BD51-9323B81DF751}.Release|x64.ActiveCfg = Release|x64
		{548853DF-D9BE-45AB-BD51-9323B81DF751}.Release|x64.Build.0 = Release|x64
		{32807D2D-2E7C-44F6-A00B-1CBCA3BFD755}.Debug|Win32.ActiveCfg = Debug|Win32
		{32807D2D-2E7C-44F6-A00B-1CBCA3BFD755}.Debug|Win32.Build.0 = Debug|Win32
		{32807D2D-2E7C-44F6-A00B-1CBCA3BFD755}.Debug|x64.ActiveCfg = Debug|x64
		{32807D2D-2E7C-44F6-A00B-1CBCA3BFD755}.Debug|x64.Build.0 = Debug|x64
		{32807D2D-2E7C-44F6-A00B-1CBCA3BFD755}.Release|Win32.ActiveCfg = Release|Win32
		{32807D2D-2E7C-44F6-A00B-1CBCA3BFD755}.Release|Win32.Build.0 = Release|Win32
		{32807D2D-2E7C-44F6-A00B-1CBCA3BFD755}.Release|x64.ActiveCfg = Release|x64
		{32807D2D-2E7C-44F6-A00B-1CBCA3BFD755}.Release|x64.Build.0 = Release|x64
		{EDF63FE9-F648-4AD2-B884-6C28DC2F10BC}.Debug|Win32.ActiveCfg = Debug|Win32
		{EDF63FE9-F648-4AD2-B884-6C28DC2F10BC}.Debug|Win32.Build.0 = Debug|Win32
		{EDF63FE9-F648-4AD2-B884-6C28DC2F10BC}.Debug|x64.ActiveCfg = Debug|x64
		{EDF63FE9-F648-4AD2-B884-6C28DC2F10BC}.Debug|x64.Build.0 = Debug|x64
		{EDF63FE9-F648-4AD2-B884-6C28DC2F10BC}.Release|Win32.ActiveCfg = Release|Win32
		{EDF63FE9-F648-4AD2-B884-6C28DC2F10BC}.Release|Win32.Build.0 = Release|Win32
		{EDF63FE9-F648-4AD2-B884-6C28DC2F10BC}.Release|x64.ActiveCfg = Release|x64
		{EDF63FE9-F648-4AD2-B884-6C28DC2F10BC}.Release|x64.Build.0 = Release|x64
		{A66F83B8-DC08-4E76-9E80-BADA0FD407B3}.Debug|Win32.ActiveCfg = Debug|Win32
		{A66F83B8-DC08-4E76-9E80-BADA0FD407B3}.Debug|Win32.Build.0 = Debug|Win32
		{A66F83B8-DC08-4E76-9E80-BADA0FD407B3}.Debug|x64.ActiveCfg = Debug|x64
		{A66F83B8-DC08-4E76-9E80-BADA0FD407B3}.Debug|x64.Build.0 = Debug|x64
		{A66F83B8-DC08-4E76-9E80-BADA0FD407B3}.Release|Win32.ActiveCfg = Release|Win32
		{A66F83B8-DC08-4E76-9E80-BADA0FD407B3}.Release|Win32.Build.0 = Release|Win32
		{A66F83B8-DC08-4E76-9E80-BADA0FD407B3}.Release|x64.ActiveCfg = Release|x64
		{A66F83B8-DC08-4E76-9E80-BADA0FD407B3}.Release|x64.Build.0 = Release|x64
		{A55AACA0-0EAB-4BDB-9CD9-1CA1045D78D4}.Debug|Win32.ActiveCfg = Debug|Win32
		{A55AACA0-0EAB-4BDB-9CD9-1CA1045D78D4}.Debug|Win32.Build.0 = Debug|Win32
		{A55AACA0-0EAB-4BDB-9CD9-1CA1045D78D4}.Debug|x64.ActiveCfg = Debug|x64
		{A55AACA0-0EAB-4BDB-9CD9-1CA1045D78D4}.Debug|x64.Build.0 = Debug|x64
		{A55AACA0-0EAB-4BDB-9CD9-1CA1045D78D4}.Release|Win32.ActiveCfg = Release|Win32
		{A55AACA0-0EAB-4BDB-9CD9-1CA1045D78D4}.Release|Win32.Build.0 = Release|Win32
		{A55AACA0-0EAB-4BDB-9CD9-1CA1045D78D4}.Release|x64.ActiveCfg = Release|x64
		{A55AACA0-0EAB-4BDB-9CD9-1CA1045D78D4}.Release|x64.Build.0 = Release|x64
		{DB100E72-53AF-4C5B-9F7F-9EC65446E9DE}.Debug|Win32.ActiveCfg = Debug|Win32
		{DB100E72-53AF-4C5B-9F7F-9EC65446E9DE}.Debug|Win32.Build.0 = Debug|Win32
		{DB100E72-53AF-4C5B-9F7F-9EC65446E9DE}.Debug|x64.ActiveCfg = Debug|x64
		{DB100E72-53AF-4C5B-9F7F-9EC65446E9DE}.Debug|x64.Build.0 = Debug|x64
		{DB100E72-53AF-4C5B-9F7F-9EC65446E9DE}.Release|Win32.ActiveCfg = Release|Win32
		{DB100E72-53AF-4C5B-9F7F-9EC65446E9DE}.Release|Win32.Build.0 = Release|Win32
		{DB100E72-53AF-4C5B-9F7F-9EC65446E9DE}.Release|x64.ActiveCfg = Release|x64
		{DB100E72-53AF-4C5B-9F7F-9EC65446E9DE}.Release|x64.Build.0 = Release|x64
		{57745E16-24EE-4286-852F-811E5CB78485}.Debug|Win32.ActiveCfg = Debug|Win32
		{57745E16-24EE-4286-852F-811E5CB78485}.Debug|Win32.Build.0 = Debug|Win32
		{57745E16-24EE-4286-852F-811E5CB78485}.Debug|x64.ActiveCfg = Debug|x64
		{57745E16-24EE-4286-852F-811E5CB78485}.Debug|x64.Build.0 = Debug|x64
		{57745E16-24EE-4286-852F-811E5CB78485}.Release|Win32.ActiveCfg = Release|Win32
		{57745E16-24EE-4286-852F-811E5CB78485}.Release|Win32.Build.0 = Release|Win32
		{57745E16-24EE-4286-852F-811E5CB78485}.Release|x64.ActiveCfg = Release|x64
		{57745E16-24EE-4286-852F-811E5CB78485}.Release|x64.Build.0 = Release|x64
		{E52BD3D1-F8C3-4E7F-9034-B61D86647174}.Debug|Win32.ActiveCfg = Debug|Win32
		{E52BD3D1-F8C3-4E7F-9034-B61D86647174}.Debug|Win32.Build.0 = Debug|Win32
		{E52BD3D1-F8C3-4E7F-9034-B61D86647174}.Debug|x64.ActiveCfg = Debug|x64
		{E52BD3D1-F8C3-4E7F-9034-B61D86647174}.Debug|x64.Build.0 = Debug|x64
		{E52BD3D1-F8C3-4E7F-9034-B61D86647174}.Release|Win32.ActiveCfg = Release|Win32
		{E52BD3D1-F8C3-4E7F-9034-B61D86647174}.Release|Win32.Build.0 = Release|Win32
		{E52BD3D1-F8C3-4E7F-9034-B61D86647174}.Release|x64.ActiveCfg = Release|x64
		{E52BD3D1-F8C3-4E7F-9034-B61D86647174}.Release|x64.Build.0 = Release|x64
		{55DB5AA3-4FA7-4B0F-A4AF-C277EE0D3887}.Debug|Win32.ActiveCfg = Debug|Win32
		{55DB5AA3-4FA7-4B0F-A4AF-C277EE0D3887}.Debug|Win32.Build.0 = Debug|Win32
		{55DB5AA3-4FA7-4B0F-A4AF-C277EE0D3887}.Debug|x64.ActiveCfg = Debug|x64
		{55DB5AA3-4FA7-4B0F-A4AF-C277EE0D3887}.Debug|x64.Build.0 = Debug|x64
		{55DB5AA3-4FA7-4B0F-A4AF-C277EE0D3887}.Release|Win32.ActiveCfg = Release|Win32
		{55DB5AA3-4FA7-4B0F-A4AF-C277EE0D3887}.Release|Win32.Build.0 = Release|Win32
		{55DB5AA3-4FA7-4B0F-A4AF-C277EE0D3887}.Release|x64.ActiveCfg = Release|x64
		{55DB5AA3-4FA7-4B0F-A4AF-C277EE0D3887}.Release|x64.Build.0 = Release|x64
		{87899696-BECF-4FA1-A0A9-D2BE24D92A12}.Debug|Win32.ActiveCfg = Debug|Win32
		{87899696-BECF-4FA1-A0A9-D2BE24D92A12}.Debug|Win32.Build.0 = Debug|Win32
		{87899696-BECF-4FA1-A0A9-D2BE24D92A12}.Debug|x64.ActiveCfg = Debug|x64
		{87899696-BECF-4FA1-A0A9-D2BE24D92A12}.Debug|x64.Build.0 = Debug|x64
		{87899696-BECF-4FA1-A0A9-D2BE24D92A12}.Release|Win32.ActiveCfg = Release|Win32
		{87899696-BECF-4FA1-A0A9-D2BE24D92A12}.Release|Win32.Build.0 = Release|Win32
		{87899696-BECF-4FA1-A0A9-D2BE24D92A12}.Release|x64.ActiveCfg = Release|x64
		{87899696-BECF-4FA1-A0A9-D2BE24D92A12}.Release|x64.Build.0 = Release|x64
		{839FF558-F1DF-4156-948C-23EF6C58A5EF}.Debug|Win32.ActiveCfg = Debug|Win32
		{839FF558-F1DF-4156-948C-23EF6C58A5EF}.Debug|Win32.Build.0 = Debug|Win32
		{839FF558-F1DF-4156-948C-23EF6C58A5EF}.Debug|x64.ActiveCfg = Debug|x64
		{839FF558-F1DF-4156-948C-23EF6C58A5EF}.Debug|x64.Build.0 = Debug|x64
		{839FF558-F1DF-4156-948C-23EF6C58A5EF}.Release|Win32.ActiveCfg = Release|Win32
		{839FF558-F1DF-4156-948C-23EF6C58A5EF}.Release|Win32.Build.0 = Release|Win32
		{839FF558-F1DF-4156-948C-23EF6C58A5EF}.Release|x64.ActiveCfg = Release|x64
		{839FF558-F1DF-4156-948C-23EF6C58A5EF}.Release|x64.Build.0 = Release|x64
		{42FB62CC-029F-4379-9245-DD8C1C76AA19}.Debug|Win32.ActiveCfg = Debug|Win32
		{42FB62CC-029F-4379-9245-DD8C1C76AA19}.Debug|Win32.Build.0 = Debug|Win32
		{42FB62CC-029F-4379-9245-DD8C1C76AA19}.Debug|x64.ActiveCfg = Debug|x64
		{42FB62CC-029F-4379-9245-DD8C1C76AA19}.Debug|x64.Build.0 = Debug|x64
		{42FB62CC-029F-4379-9245-DD8C1C76AA19}.Release|Win32.ActiveCfg = Release|Win32
		{42FB62CC-029F-4379-9245-DD8C1C76AA19}.Release|Win32.Build.0 = Release|Win32
		{42FB62CC-029F-4379-9245-DD8C1C76AA19}.Release|x64.ActiveCfg = Release|x64
		{42FB62CC-029F-4379-9245-DD8C1C76AA19}.Release|x64.Build.0 = Release|x64
		{7F084374-75B9-49E2-B179-E4F08AB177E1}.Debug|Win32.ActiveCfg = Debug|Win32
		{7F084374-75B9-49E2-B179-E4F08AB177E1}.Debug|Win32.Build.0 = Debug|Win32
		{7F084374-75B9-49E2-B179-E4F08AB177E1}.Debug|x64.ActiveCfg = Debug|x64
		{7F084374-75B9-49E2-B179-E4F08AB177E1}.Debug|x64.Build.0 = Debug|x64
		{7F084374-75B9-49E2-B179-E4F08AB177E1}.Release|Win32.ActiveCfg = Release|Win32
		{7F084374-75B9-49E2-B179-E4F08AB177E1}.Release|Win32.Build.0 = Release|Win32
		{7F084374-75B9-49E2-B179-E4F08AB177E1}.Release|x64.ActiveCfg = Release|x64
		{7F084374-75B9-49E2-B179-E4F08AB177E1}.Release|x64.Build.0 = Release|x64
		{342DD1EE-4A0A-47B7-A8FA-721B7C82CCC0}.Debug|Win32.ActiveCfg = Debug|Win32
		{342DD1EE-4A0A-47B7-A8FA-721B7C82CCC0}.Debug|Win32.Build.0 = Debug|Win32
		{342DD1EE-4A0A-47B7-A8FA-721B7C82CCC0}.Debug|x64.ActiveCfg = Debug|x64
		{342DD1EE-4A0A-47B7-A8FA-721B7C82CCC0}.Debug|x64.Build.0 = Debug|x64
		{342DD1EE-4A0A-47B7-A8FA-721B7C82CCC0}.Release|Win32.ActiveCfg = Release|Win32
		{342DD1EE-4A0A-47B7-A8FA-721B7C82CCC0}.Release|Win32.Build.0 = Release|Win32
		{342DD1EE-4A0A-47B7-A8FA-721B7C82CCC0}.Release|x64.ActiveCfg = Release|x64
		{342DD1EE-4A0A-47B7-A8FA-721B7C82CCC0}.Release|x64.Build.0 = Release|x64
	EndGlobalSection
	GlobalSection(SolutionProperties) = preSolution
		HideSolutionNode = FALSE
	EndGlobalSection
EndGlobal
