
Microsoft Visual Studio Solution File, Format Version 12.00
# Visual Studio Version 16
VisualStudioVersion = 16.0.33328.57
MinimumVisualStudioVersion = 10.0.40219.1
Project("{8BC9CEB8-8B4A-11D0-8D11-00A0C91BC942}") = "ex14_Hiding_Parameters", "ex14_Hiding_Parameters.vcxproj", "{7E89CFF9-22EE-45E4-942B-100C34D8AD72}"
EndProject
Global
	GlobalSection(SolutionConfigurationPlatforms) = preSolution
		Debug|x64 = Debug|x64
		Debug|x86 = Debug|x86
		Release|x64 = Release|x64
		Release|x86 = Release|x86
	EndGlobalSection
	GlobalSection(ProjectConfigurationPlatforms) = postSolution
		{7E89CFF9-22EE-45E4-942B-100C34D8AD72}.Debug|x64.ActiveCfg = Debug|x64
		{7E89CFF9-22EE-45E4-942B-100C34D8AD72}.Debug|x64.Build.0 = Debug|x64
		{7E89CFF9-22EE-45E4-942B-100C34D8AD72}.Debug|x86.ActiveCfg = Debug|Win32
		{7E89CFF9-22EE-45E4-942B-100C34D8AD72}.Debug|x86.Build.0 = Debug|Win32
		{7E89CFF9-22EE-45E4-942B-100C34D8AD72}.Release|x64.ActiveCfg = Release|x64
		{7E89CFF9-22EE-45E4-942B-100C34D8AD72}.Release|x64.Build.0 = Release|x64
		{7E89CFF9-22EE-45E4-942B-100C34D8AD72}.Release|x86.ActiveCfg = Release|Win32
		{7E89CFF9-22EE-45E4-942B-100C34D8AD72}.Release|x86.Build.0 = Release|Win32
	EndGlobalSection
	GlobalSection(SolutionProperties) = preSolution
		HideSolutionNode = FALSE
	EndGlobalSection
	GlobalSection(ExtensibilityGlobals) = postSolution
		SolutionGuid = {865F059E-9C4A-4223-934F-839F462A638C}
	EndGlobalSection
EndGlobal
