
Microsoft Visual Studio Solution File, Format Version 12.00
# Visual Studio Version 16
VisualStudioVersion = 16.0.33328.57
MinimumVisualStudioVersion = 10.0.40219.1
Project("{8BC9CEB8-8B4A-11D0-8D11-00A0C91BC942}") = "ex07_Parameter_Information", "ex07_Parameter_Information.vcxproj", "{3185F80B-4CE8-4649-A7F0-A37FA5DA6F3C}"
EndProject
Global
	GlobalSection(SolutionConfigurationPlatforms) = preSolution
		Debug|x64 = Debug|x64
		Debug|x86 = Debug|x86
		Release|x64 = Release|x64
		Release|x86 = Release|x86
	EndGlobalSection
	GlobalSection(ProjectConfigurationPlatforms) = postSolution
		{3185F80B-4CE8-4649-A7F0-A37FA5DA6F3C}.Debug|x64.ActiveCfg = Debug|x64
		{3185F80B-4CE8-4649-A7F0-A37FA5DA6F3C}.Debug|x64.Build.0 = Debug|x64
		{3185F80B-4CE8-4649-A7F0-A37FA5DA6F3C}.Debug|x86.ActiveCfg = Debug|Win32
		{3185F80B-4CE8-4649-A7F0-A37FA5DA6F3C}.Debug|x86.Build.0 = Debug|Win32
		{3185F80B-4CE8-4649-A7F0-A37FA5DA6F3C}.Release|x64.ActiveCfg = Release|x64
		{3185F80B-4CE8-4649-A7F0-A37FA5DA6F3C}.Release|x64.Build.0 = Release|x64
		{3185F80B-4CE8-4649-A7F0-A37FA5DA6F3C}.Release|x86.ActiveCfg = Release|Win32
		{3185F80B-4CE8-4649-A7F0-A37FA5DA6F3C}.Release|x86.Build.0 = Release|Win32
	EndGlobalSection
	GlobalSection(SolutionProperties) = preSolution
		HideSolutionNode = FALSE
	EndGlobalSection
	GlobalSection(ExtensibilityGlobals) = postSolution
		SolutionGuid = {9AAE3F19-A355-4531-9DBE-FCC7E1C24040}
	EndGlobalSection
EndGlobal
