
Microsoft Visual Studio Solution File, Format Version 12.00
# Visual Studio Version 16
VisualStudioVersion = 16.0.33328.57
MinimumVisualStudioVersion = 10.0.40219.1
Project("{8BC9CEB8-8B4A-11D0-8D11-00A0C91BC942}") = "ex03_Elab_Time_Param", "ex03_Elab_Time_Param.vcxproj", "{2B8E2069-D45C-4CE2-8D65-DBFB2B205889}"
EndProject
Global
	GlobalSection(SolutionConfigurationPlatforms) = preSolution
		Debug|x64 = Debug|x64
		Debug|x86 = Debug|x86
		Release|x64 = Release|x64
		Release|x86 = Release|x86
	EndGlobalSection
	GlobalSection(ProjectConfigurationPlatforms) = postSolution
		{2B8E2069-D45C-4CE2-8D65-DBFB2B205889}.Debug|x64.ActiveCfg = Debug|x64
		{2B8E2069-D45C-4CE2-8D65-DBFB2B205889}.Debug|x64.Build.0 = Debug|x64
		{2B8E2069-D45C-4CE2-8D65-DBFB2B205889}.Debug|x86.ActiveCfg = Debug|Win32
		{2B8E2069-D45C-4CE2-8D65-DBFB2B205889}.Debug|x86.Build.0 = Debug|Win32
		{2B8E2069-D45C-4CE2-8D65-DBFB2B205889}.Release|x64.ActiveCfg = Release|x64
		{2B8E2069-D45C-4CE2-8D65-DBFB2B205889}.Release|x64.Build.0 = Release|x64
		{2B8E2069-D45C-4CE2-8D65-DBFB2B205889}.Release|x86.ActiveCfg = Release|Win32
		{2B8E2069-D45C-4CE2-8D65-DBFB2B205889}.Release|x86.Build.0 = Release|Win32
	EndGlobalSection
	GlobalSection(SolutionProperties) = preSolution
		HideSolutionNode = FALSE
	EndGlobalSection
	GlobalSection(ExtensibilityGlobals) = postSolution
		SolutionGuid = {DBE03100-E757-43F4-B941-70873DE31FB7}
	EndGlobalSection
EndGlobal
