<?xml version="1.0" encoding="utf-8"?>
<Project ToolsVersion="4.0" xmlns="http://schemas.microsoft.com/developer/msbuild/2003">
  <ItemGroup>
    <ClCompile Include="..\..\src\cci\cfg\cci_broker_handle.cpp" />
    <ClCompile Include="..\..\src\cci\cfg\cci_broker_manager.cpp" />
    <ClCompile Include="..\..\src\cci\cfg\cci_originator.cpp" />
    <ClCompile Include="..\..\src\cci\cfg\cci_param_if.cpp" />
    <ClCompile Include="..\..\src\cci\cfg\cci_param_untyped.cpp" />
    <ClCompile Include="..\..\src\cci\cfg\cci_param_untyped_handle.cpp" />
    <ClCompile Include="..\..\src\cci\cfg\cci_report_handler.cpp" />
    <ClCompile Include="..\..\src\cci\core\cci_name_gen.cpp" />
    <ClCompile Include="..\..\src\cci\core\cci_value.cpp" />
    <ClCompile Include="..\..\src\cci\core\cci_value_converter.cpp" />
    <ClCompile Include="..\..\src\cci\utils\broker.cpp" />
    <ClCompile Include="..\..\src\cci\utils\consuming_broker.cpp" />
  </ItemGroup>
  <ItemGroup>
    <ClInclude Include="..\..\src\cci_configuration" />
    <ClInclude Include="..\..\src\cci\cfg\cci_broker_callbacks.h" />
    <ClInclude Include="..\..\src\cci\cfg\cci_broker_handle.h" />
    <ClInclude Include="..\..\src\cci\cfg\cci_broker_if.h" />
    <ClInclude Include="..\..\src\cci\cfg\cci_broker_manager.h" />
    <ClInclude Include="..\..\src\cci\cfg\cci_broker_types.h" />
    <ClInclude Include="..\..\src\cci\cfg\cci_config_macros.h" />
    <ClInclude Include="..\..\src\cci\cfg\cci_macros_undef.h" />
    <ClInclude Include="..\..\src\cci\cfg\cci_mutable_types.h" />
    <ClInclude Include="..\..\src\cci\cfg\cci_originator.h" />
    <ClInclude Include="..\..\src\cci\cfg\cci_param_callbacks.h" />
    <ClInclude Include="..\..\src\cci\cfg\cci_param_if.h" />
    <ClInclude Include="..\..\src\cci\cfg\cci_param_typed.h" />
    <ClInclude Include="..\..\src\cci\cfg\cci_param_typed_handle.h" />
    <ClInclude Include="..\..\src\cci\cfg\cci_param_untyped.h" />
    <ClInclude Include="..\..\src\cci\cfg\cci_param_untyped_handle.h" />
    <ClInclude Include="..\..\src\cci\cfg\cci_report_handler.h" />
    <ClInclude Include="..\..\src\cci\core\cci_callback.h" />
    <ClInclude Include="..\..\src\cci\core\cci_callback_impl.h" />
    <ClInclude Include="..\..\src\cci\core\cci_cmnhdr.h" />
    <ClInclude Include="..\..\src\cci\core\cci_core_types.h" />
    <ClInclude Include="..\..\src\cci\core\cci_filtered_range.h" />
    <ClInclude Include="..\..\src\cci\core\cci_meta.h" />
    <ClInclude Include="..\..\src\cci\core\cci_name_gen.h" />
    <ClInclude Include="..\..\src\cci\core\cci_value.h" />
    <ClInclude Include="..\..\src\cci\core\cci_value_converter.h" />
    <ClInclude Include="..\..\src\cci\core\cci_value_iterator.h" />
    <ClInclude Include="..\..\src\cci\core\cci_version.h" />
    <ClInclude Include="..\..\src\cci\core\rapidjson.h" />
    <ClInclude Include="..\..\src\cci\core\systemc.h" />
    <ClInclude Include="..\..\src\cci\utils\broker.h" />
    <ClInclude Include="..\..\src\cci\utils\consuming_broker.h" />
  </ItemGroup>
  <ItemGroup>
    <Filter Include="Header Files">
      <UniqueIdentifier>{33e9d0ef-0ea5-486d-9f02-c9aa3a12d559}</UniqueIdentifier>
    </Filter>
    <Filter Include="Header Files\cci_core">
      <UniqueIdentifier>{b023920f-189a-41b3-abd8-51fc5c3ea74d}</UniqueIdentifier>
    </Filter>
    <Filter Include="Header Files\cci_cfg">
      <UniqueIdentifier>{dc695b1b-1c3b-4545-89f7-56f6a8229947}</UniqueIdentifier>
    </Filter>
    <Filter Include="Source Files">
      <UniqueIdentifier>{48d5aae6-c337-4560-9983-1e728b7485da}</UniqueIdentifier>
    </Filter>
    <Filter Include="Header Files\cci_utils">
      <UniqueIdentifier>{7558eaf9-2d5c-4433-a564-2c06b8011886}</UniqueIdentifier>
    </Filter>
    <Filter Include="Source Files\cci_core">
      <UniqueIdentifier>{b7a55be4-e826-4004-8a1a-65ecd5bc0e6d}</UniqueIdentifier>
    </Filter>
    <Filter Include="Source Files\cci_cfg">
      <UniqueIdentifier>{7f571928-43f0-47dd-9103-5091643a882b}</UniqueIdentifier>
    </Filter>
    <Filter Include="Source Files\cci_utils">
      <UniqueIdentifier>{13691759-9527-4e58-91b6-622ec16f7f7e}</UniqueIdentifier>
    </Filter>
  </ItemGroup>
</Project>