
Microsoft Visual Studio Solution File, Format Version 12.00
# Visual Studio Version 16
VisualStudioVersion = 16.0.33328.57
MinimumVisualStudioVersion = 10.0.40219.1
Project("{8BC9CEB8-8B4A-11D0-8D11-00A0C91BC942}") = "ex19_Reset_Param", "ex19_Reset_Param.vcxproj", "{1C76D968-D583-4B12-A138-D52A8AA6E835}"
EndProject
Global
	GlobalSection(SolutionConfigurationPlatforms) = preSolution
		Debug|x64 = Debug|x64
		Debug|x86 = Debug|x86
		Release|x64 = Release|x64
		Release|x86 = Release|x86
	EndGlobalSection
	GlobalSection(ProjectConfigurationPlatforms) = postSolution
		{1C76D968-D583-4B12-A138-D52A8AA6E835}.Debug|x64.ActiveCfg = Debug|x64
		{1C76D968-D583-4B12-A138-D52A8AA6E835}.Debug|x64.Build.0 = Debug|x64
		{1C76D968-D583-4B12-A138-D52A8AA6E835}.Debug|x86.ActiveCfg = Debug|Win32
		{1C76D968-D583-4B12-A138-D52A8AA6E835}.Debug|x86.Build.0 = Debug|Win32
		{1C76D968-D583-4B12-A138-D52A8AA6E835}.Release|x64.ActiveCfg = Release|x64
		{1C76D968-D583-4B12-A138-D52A8AA6E835}.Release|x64.Build.0 = Release|x64
		{1C76D968-D583-4B12-A138-D52A8AA6E835}.Release|x86.ActiveCfg = Release|Win32
		{1C76D968-D583-4B12-A138-D52A8AA6E835}.Release|x86.Build.0 = Release|Win32
	EndGlobalSection
	GlobalSection(SolutionProperties) = preSolution
		HideSolutionNode = FALSE
	EndGlobalSection
	GlobalSection(ExtensibilityGlobals) = postSolution
		SolutionGuid = {2A93F816-94FB-4028-8041-812C3FB0299E}
	EndGlobalSection
EndGlobal
